
Microsoft Visual Studio Solution File, Format Version 12.00
# Visual Studio Version 17
VisualStudioVersion = 17.0.31903.59
MinimumVisualStudioVersion = 10.0.40219.1
Project("{FAE04EC0-301F-11D3-BF4B-00C04F79EFBC}") = "MoonSounds", "MoonSounds/MoonSounds.csproj", "{90479428-6D48-460B-8524-D31CD36E49FF}"
EndProject
Project("{2150E333-8FDC-42A3-9474-1A3956D46DE8}") = "explogine", "explogine", "{A970673E-C528-4E0B-BBAB-E94294584481}"
EndProject
Project("{2150E333-8FDC-42A3-9474-1A3956D46DE8}") = "Library", "Library", "{9547D1E5-7956-4D9D-BEA9-B207FEA1600A}"
EndProject
Project("{FAE04EC0-301F-11D3-BF4B-00C04F79EFBC}") = "ExplogineCore", "explogine\Library\ExplogineCore\ExplogineCore.csproj", "{89A09A92-9C2C-4414-BC50-A7537ACDF1DC}"
EndProject
Global
	GlobalSection(SolutionConfigurationPlatforms) = preSolution
		Debug|Any CPU = Debug|Any CPU
		Release|Any CPU = Release|Any CPU
	EndGlobalSection
	GlobalSection(SolutionProperties) = preSolution
		HideSolutionNode = FALSE
	EndGlobalSection
	GlobalSection(ProjectConfigurationPlatforms) = postSolution
		{90479428-6D48-460B-8524-D31CD36E49FF}.Debug|Any CPU.ActiveCfg = Debug|Any CPU
		{90479428-6D48-460B-8524-D31CD36E49FF}.Debug|Any CPU.Build.0 = Debug|Any CPU
		{90479428-6D48-460B-8524-D31CD36E49FF}.Release|Any CPU.ActiveCfg = Release|Any CPU
		{90479428-6D48-460B-8524-D31CD36E49FF}.Release|Any CPU.Build.0 = Release|Any CPU
		{89A09A92-9C2C-4414-BC50-A7537ACDF1DC}.Debug|Any CPU.ActiveCfg = Debug|Any CPU
		{89A09A92-9C2C-4414-BC50-A7537ACDF1DC}.Debug|Any CPU.Build.0 = Debug|Any CPU
		{89A09A92-9C2C-4414-BC50-A7537ACDF1DC}.Release|Any CPU.ActiveCfg = Release|Any CPU
		{89A09A92-9C2C-4414-BC50-A7537ACDF1DC}.Release|Any CPU.Build.0 = Release|Any CPU
	EndGlobalSection
	GlobalSection(NestedProjects) = preSolution
		{9547D1E5-7956-4D9D-BEA9-B207FEA1600A} = {A970673E-C528-4E0B-BBAB-E94294584481}
		{89A09A92-9C2C-4414-BC50-A7537ACDF1DC} = {9547D1E5-7956-4D9D-BEA9-B207FEA1600A}
	EndGlobalSection
EndGlobal
